
Microsoft Visual Studio Solution File, Format Version 12.00
# Visual Studio 15
VisualStudioVersion = 15.0.27703.2026
MinimumVisualStudioVersion = 10.0.40219.1
Project("{FAE04EC0-301F-11D3-BF4B-00C04F79EFBC}") = "AP_QuestionSet_CSharp.Tests", "AP_QuestionSet_CSharp\AP_QuestionSet_CSharp.Tests.csproj", "{5DD87A8E-A913-4E32-8386-5F0627DC2E16}"
EndProject
Project("{FAE04EC0-301F-11D3-BF4B-00C04F79EFBC}") = "AP_QuestionSet_CSharp.Core", "AP_QuestionSet_CSharp.Core\AP_QuestionSet_CSharp.Core.csproj", "{2033E12F-280F-4203-85FA-5DCB61465CD6}"
EndProject
Project("{00D1A9C2-B5F0-4AF3-8072-F6C62B433612}") = "SQLQuestions", "SQLQuestions\SQLQuestions.sqlproj", "{991E7765-78E2-44D6-84FF-E3A120675486}"
EndProject
Global
	GlobalSection(SolutionConfigurationPlatforms) = preSolution
		Debug|Any CPU = Debug|Any CPU
		Release|Any CPU = Release|Any CPU
	EndGlobalSection
	GlobalSection(ProjectConfigurationPlatforms) = postSolution
		{5DD87A8E-A913-4E32-8386-5F0627DC2E16}.Debug|Any CPU.ActiveCfg = Debug|Any CPU
		{5DD87A8E-A913-4E32-8386-5F0627DC2E16}.Debug|Any CPU.Build.0 = Debug|Any CPU
		{5DD87A8E-A913-4E32-8386-5F0627DC2E16}.Release|Any CPU.ActiveCfg = Release|Any CPU
		{5DD87A8E-A913-4E32-8386-5F0627DC2E16}.Release|Any CPU.Build.0 = Release|Any CPU
		{2033E12F-280F-4203-85FA-5DCB61465CD6}.Debug|Any CPU.ActiveCfg = Debug|Any CPU
		{2033E12F-280F-4203-85FA-5DCB61465CD6}.Debug|Any CPU.Build.0 = Debug|Any CPU
		{2033E12F-280F-4203-85FA-5DCB61465CD6}.Release|Any CPU.ActiveCfg = Release|Any CPU
		{2033E12F-280F-4203-85FA-5DCB61465CD6}.Release|Any CPU.Build.0 = Release|Any CPU
		{991E7765-78E2-44D6-84FF-E3A120675486}.Debug|Any CPU.ActiveCfg = Debug|Any CPU
		{991E7765-78E2-44D6-84FF-E3A120675486}.Debug|Any CPU.Build.0 = Debug|Any CPU
		{991E7765-78E2-44D6-84FF-E3A120675486}.Debug|Any CPU.Deploy.0 = Debug|Any CPU
		{991E7765-78E2-44D6-84FF-E3A120675486}.Release|Any CPU.ActiveCfg = Release|Any CPU
		{991E7765-78E2-44D6-84FF-E3A120675486}.Release|Any CPU.Build.0 = Release|Any CPU
		{991E7765-78E2-44D6-84FF-E3A120675486}.Release|Any CPU.Deploy.0 = Release|Any CPU
	EndGlobalSection
	GlobalSection(SolutionProperties) = preSolution
		HideSolutionNode = FALSE
	EndGlobalSection
	GlobalSection(ExtensibilityGlobals) = postSolution
		SolutionGuid = {77F9AFDF-31FA-4EE9-886C-CAA0E042036F}
	EndGlobalSection
EndGlobal
